
Microsoft Visual Studio Solution File, Format Version 11.00
# Visual Studio 2010
Project("{FAE04EC0-301F-11D3-BF4B-00C04F79EFBC}") = "SteamVR", "SteamVR.csproj", "{14825F69-EF07-E3C9-898B-62727BC4612A}"
EndProject
Project("{FAE04EC0-301F-11D3-BF4B-00C04F79EFBC}") = "Assembly-CSharp", "Assembly-CSharp.csproj", "{3E1AF288-7DFB-6485-2C08-1A0F3DA1967C}"
EndProject
Project("{FAE04EC0-301F-11D3-BF4B-00C04F79EFBC}") = "SteamVR_Actions", "SteamVR_Actions.csproj", "{5A41C24C-381F-41E1-3FE5-C9EEC0E33AEE}"
EndProject
Project("{FAE04EC0-301F-11D3-BF4B-00C04F79EFBC}") = "SteamVR_Editor", "SteamVR_Editor.csproj", "{06A4F7F3-0F5D-283B-C771-6A7025BAEA5C}"
EndProject
Project("{FAE04EC0-301F-11D3-BF4B-00C04F79EFBC}") = "SteamVR_Input_Editor", "SteamVR_Input_Editor.csproj", "{B7A08042-A017-9B2B-1090-16A03BC6DAC0}"
EndProject
Project("{FAE04EC0-301F-11D3-BF4B-00C04F79EFBC}") = "SteamVR_Windows_EditorHelper", "SteamVR_Windows_EditorHelper.csproj", "{726C464F-4195-5FBD-C038-F94D37537265}"
EndProject
Global
	GlobalSection(SolutionConfigurationPlatforms) = preSolution
		Debug|Any CPU = Debug|Any CPU
		Release|Any CPU = Release|Any CPU
	EndGlobalSection
	GlobalSection(ProjectConfigurationPlatforms) = postSolution
		{14825F69-EF07-E3C9-898B-62727BC4612A}.Debug|Any CPU.ActiveCfg = Debug|Any CPU
		{14825F69-EF07-E3C9-898B-62727BC4612A}.Debug|Any CPU.Build.0 = Debug|Any CPU
		{14825F69-EF07-E3C9-898B-62727BC4612A}.Release|Any CPU.ActiveCfg = Release|Any CPU
		{14825F69-EF07-E3C9-898B-62727BC4612A}.Release|Any CPU.Build.0 = Release|Any CPU
		{3E1AF288-7DFB-6485-2C08-1A0F3DA1967C}.Debug|Any CPU.ActiveCfg = Debug|Any CPU
		{3E1AF288-7DFB-6485-2C08-1A0F3DA1967C}.Debug|Any CPU.Build.0 = Debug|Any CPU
		{3E1AF288-7DFB-6485-2C08-1A0F3DA1967C}.Release|Any CPU.ActiveCfg = Release|Any CPU
		{3E1AF288-7DFB-6485-2C08-1A0F3DA1967C}.Release|Any CPU.Build.0 = Release|Any CPU
		{5A41C24C-381F-41E1-3FE5-C9EEC0E33AEE}.Debug|Any CPU.ActiveCfg = Debug|Any CPU
		{5A41C24C-381F-41E1-3FE5-C9EEC0E33AEE}.Debug|Any CPU.Build.0 = Debug|Any CPU
		{5A41C24C-381F-41E1-3FE5-C9EEC0E33AEE}.Release|Any CPU.ActiveCfg = Release|Any CPU
		{5A41C24C-381F-41E1-3FE5-C9EEC0E33AEE}.Release|Any CPU.Build.0 = Release|Any CPU
		{06A4F7F3-0F5D-283B-C771-6A7025BAEA5C}.Debug|Any CPU.ActiveCfg = Debug|Any CPU
		{06A4F7F3-0F5D-283B-C771-6A7025BAEA5C}.Debug|Any CPU.Build.0 = Debug|Any CPU
		{06A4F7F3-0F5D-283B-C771-6A7025BAEA5C}.Release|Any CPU.ActiveCfg = Release|Any CPU
		{06A4F7F3-0F5D-283B-C771-6A7025BAEA5C}.Release|Any CPU.Build.0 = Release|Any CPU
		{B7A08042-A017-9B2B-1090-16A03BC6DAC0}.Debug|Any CPU.ActiveCfg = Debug|Any CPU
		{B7A08042-A017-9B2B-1090-16A03BC6DAC0}.Debug|Any CPU.Build.0 = Debug|Any CPU
		{B7A08042-A017-9B2B-1090-16A03BC6DAC0}.Release|Any CPU.ActiveCfg = Release|Any CPU
		{B7A08042-A017-9B2B-1090-16A03BC6DAC0}.Release|Any CPU.Build.0 = Release|Any CPU
		{726C464F-4195-5FBD-C038-F94D37537265}.Debug|Any CPU.ActiveCfg = Debug|Any CPU
		{726C464F-4195-5FBD-C038-F94D37537265}.Debug|Any CPU.Build.0 = Debug|Any CPU
		{726C464F-4195-5FBD-C038-F94D37537265}.Release|Any CPU.ActiveCfg = Release|Any CPU
		{726C464F-4195-5FBD-C038-F94D37537265}.Release|Any CPU.Build.0 = Release|Any CPU
	EndGlobalSection
	GlobalSection(SolutionProperties) = preSolution
		HideSolutionNode = FALSE
	EndGlobalSection
EndGlobal
